// !$*UTF8*$!
{
	archiveVersion = 1;
	classes = {
	};
	objectVersion = 46;
	objects = {

/* Begin PBXBuildFile section */
		1289816D1E1DE9A000EDCA3F /* main.m in Sources */ = {isa = PBXBuildFile; fileRef = 1289816C1E1DE9A000EDCA3F /* main.m */; };
		128981701E1DE9A000EDCA3F /* AppDelegate.m in Sources */ = {isa = PBXBuildFile; fileRef = 1289816F1E1DE9A000EDCA3F /* AppDelegate.m */; };
		128981731E1DE9A000EDCA3F /* ViewController.m in Sources */ = {isa = PBXBuildFile; fileRef = 128981721E1DE9A000EDCA3F /* ViewController.m */; };
		128981761E1DE9A000EDCA3F /* Main.storyboard in Resources */ = {isa = PBXBuildFile; fileRef = 128981741E1DE9A000EDCA3F /* Main.storyboard */; };
		128981781E1DE9A000EDCA3F /* Assets.xcassets in Resources */ = {isa = PBXBuildFile; fileRef = 128981771E1DE9A000EDCA3F /* Assets.xcassets */; };
		1289817B1E1DE9A000EDCA3F /* LaunchScreen.storyboard in Resources */ = {isa = PBXBuildFile; fileRef = 128981791E1DE9A000EDCA3F /* LaunchScreen.storyboard */; };
		128981851E1DE9F200EDCA3F /* BlueDot.m in Sources */ = {isa = PBXBuildFile; fileRef = 128981841E1DE9F200EDCA3F /* BlueDot.m */; };
		128981881E1DEA1600EDCA3F /* BlueDotAnnotation.m in Sources */ = {isa = PBXBuildFile; fileRef = 128981871E1DEA1600EDCA3F /* BlueDotAnnotation.m */; };
		1289818B1E1DEA2400EDCA3F /* MyCalloutView.m in Sources */ = {isa = PBXBuildFile; fileRef = 1289818A1E1DEA2400EDCA3F /* MyCalloutView.m */; };
		1289818D1E1DEF0300EDCA3F /* kid_avatar_2@2x.png in Resources */ = {isa = PBXBuildFile; fileRef = 1289818C1E1DEF0300EDCA3F /* kid_avatar_2@2x.png */; };
		1289818F1E1DEFCC00EDCA3F /* blue_circle_transparent@2x.png in Resources */ = {isa = PBXBuildFile; fileRef = 1289818E1E1DEFCC00EDCA3F /* blue_circle_transparent@2x.png */; };
		128981911E1DF68C00EDCA3F /* kid_avatar_bg@2x.png in Resources */ = {isa = PBXBuildFile; fileRef = 128981901E1DF68C00EDCA3F /* kid_avatar_bg@2x.png */; };
		128981931E1DF6CA00EDCA3F /* kid_avatar_empty@2x.png in Resources */ = {isa = PBXBuildFile; fileRef = 128981921E1DF6CA00EDCA3F /* kid_avatar_empty@2x.png */; };
/* End PBXBuildFile section */

/* Begin PBXFileReference section */
		128981681E1DE9A000EDCA3F /* BlueDotDemo.app */ = {isa = PBXFileReference; explicitFileType = wrapper.application; includeInIndex = 0; path = BlueDotDemo.app; sourceTree = BUILT_PRODUCTS_DIR; };
		1289816C1E1DE9A000EDCA3F /* main.m */ = {isa = PBXFileReference; lastKnownFileType = sourcecode.c.objc; path = main.m; sourceTree = "<group>"; };
		1289816E1E1DE9A000EDCA3F /* AppDelegate.h */ = {isa = PBXFileReference; lastKnownFileType = sourcecode.c.h; path = AppDelegate.h; sourceTree = "<group>"; };
		1289816F1E1DE9A000EDCA3F /* AppDelegate.m */ = {isa = PBXFileReference; lastKnownFileType = sourcecode.c.objc; path = AppDelegate.m; sourceTree = "<group>"; };
		128981711E1DE9A000EDCA3F /* ViewController.h */ = {isa = PBXFileReference; lastKnownFileType = sourcecode.c.h; path = ViewController.h; sourceTree = "<group>"; };
		128981721E1DE9A000EDCA3F /* ViewController.m */ = {isa = PBXFileReference; lastKnownFileType = sourcecode.c.objc; path = ViewController.m; sourceTree = "<group>"; };
		128981751E1DE9A000EDCA3F /* Base */ = {isa = PBXFileReference; lastKnownFileType = file.storyboard; name = Base; path = Base.lproj/Main.storyboard; sourceTree = "<group>"; };
		128981771E1DE9A000EDCA3F /* Assets.xcassets */ = {isa = PBXFileReference; lastKnownFileType = folder.assetcatalog; path = Assets.xcassets; sourceTree = "<group>"; };
		1289817A1E1DE9A000EDCA3F /* Base */ = {isa = PBXFileReference; lastKnownFileType = file.storyboard; name = Base; path = Base.lproj/LaunchScreen.storyboard; sourceTree = "<group>"; };
		1289817C1E1DE9A000EDCA3F /* Info.plist */ = {isa = PBXFileReference; lastKnownFileType = text.plist.xml; path = Info.plist; sourceTree = "<group>"; };
		128981831E1DE9F200EDCA3F /* BlueDot.h */ = {isa = PBXFileReference; fileEncoding = 4; lastKnownFileType = sourcecode.c.h; path = BlueDot.h; sourceTree = "<group>"; };
		128981841E1DE9F200EDCA3F /* BlueDot.m */ = {isa = PBXFileReference; fileEncoding = 4; lastKnownFileType = sourcecode.c.objc; path = BlueDot.m; sourceTree = "<group>"; };
		128981861E1DEA1600EDCA3F /* BlueDotAnnotation.h */ = {isa = PBXFileReference; fileEncoding = 4; lastKnownFileType = sourcecode.c.h; path = BlueDotAnnotation.h; sourceTree = "<group>"; };
		128981871E1DEA1600EDCA3F /* BlueDotAnnotation.m */ = {isa = PBXFileReference; fileEncoding = 4; lastKnownFileType = sourcecode.c.objc; path = BlueDotAnnotation.m; sourceTree = "<group>"; };
		128981891E1DEA2400EDCA3F /* MyCalloutView.h */ = {isa = PBXFileReference; fileEncoding = 4; lastKnownFileType = sourcecode.c.h; path = MyCalloutView.h; sourceTree = "<group>"; };
		1289818A1E1DEA2400EDCA3F /* MyCalloutView.m */ = {isa = PBXFileReference; fileEncoding = 4; lastKnownFileType = sourcecode.c.objc; path = MyCalloutView.m; sourceTree = "<group>"; };
		1289818C1E1DEF0300EDCA3F /* kid_avatar_2@2x.png */ = {isa = PBXFileReference; lastKnownFileType = image.png; path = "kid_avatar_2@2x.png"; sourceTree = "<group>"; };
		1289818E1E1DEFCC00EDCA3F /* blue_circle_transparent@2x.png */ = {isa = PBXFileReference; lastKnownFileType = image.png; path = "blue_circle_transparent@2x.png"; sourceTree = "<group>"; };
		128981901E1DF68C00EDCA3F /* kid_avatar_bg@2x.png */ = {isa = PBXFileReference; lastKnownFileType = image.png; path = "kid_avatar_bg@2x.png"; sourceTree = "<group>"; };
		128981921E1DF6CA00EDCA3F /* kid_avatar_empty@2x.png */ = {isa = PBXFileReference; lastKnownFileType = image.png; path = "kid_avatar_empty@2x.png"; sourceTree = "<group>"; };
/* End PBXFileReference section */

/* Begin PBXFrameworksBuildPhase section */
		128981651E1DE9A000EDCA3F /* Frameworks */ = {
			isa = PBXFrameworksBuildPhase;
			buildActionMask = 2147483647;
			files = (
			);
			runOnlyForDeploymentPostprocessing = 0;
		};
/* End PBXFrameworksBuildPhase section */

/* Begin PBXGroup section */
		1289815F1E1DE9A000EDCA3F = {
			isa = PBXGroup;
			children = (
				1289816A1E1DE9A000EDCA3F /* BlueDotDemo */,
				128981691E1DE9A000EDCA3F /* Products */,
			);
			sourceTree = "<group>";
		};
		128981691E1DE9A000EDCA3F /* Products */ = {
			isa = PBXGroup;
			children = (
				128981681E1DE9A000EDCA3F /* BlueDotDemo.app */,
			);
			name = Products;
			sourceTree = "<group>";
		};
		1289816A1E1DE9A000EDCA3F /* BlueDotDemo */ = {
			isa = PBXGroup;
			children = (
				128981821E1DE9E900EDCA3F /* BlueDot */,
				1289816E1E1DE9A000EDCA3F /* AppDelegate.h */,
				1289816F1E1DE9A000EDCA3F /* AppDelegate.m */,
				128981711E1DE9A000EDCA3F /* ViewController.h */,
				1289818C1E1DEF0300EDCA3F /* kid_avatar_2@2x.png */,
				128981721E1DE9A000EDCA3F /* ViewController.m */,
				128981741E1DE9A000EDCA3F /* Main.storyboard */,
				128981771E1DE9A000EDCA3F /* Assets.xcassets */,
				128981791E1DE9A000EDCA3F /* LaunchScreen.storyboard */,
				1289817C1E1DE9A000EDCA3F /* Info.plist */,
				1289816B1E1DE9A000EDCA3F /* Supporting Files */,
			);
			path = BlueDotDemo;
			sourceTree = "<group>";
		};
		1289816B1E1DE9A000EDCA3F /* Supporting Files */ = {
			isa = PBXGroup;
			children = (
				1289816C1E1DE9A000EDCA3F /* main.m */,
			);
			name = "Supporting Files";
			sourceTree = "<group>";
		};
		128981821E1DE9E900EDCA3F /* BlueDot */ = {
			isa = PBXGroup;
			children = (
				1289818E1E1DEFCC00EDCA3F /* blue_circle_transparent@2x.png */,
				128981921E1DF6CA00EDCA3F /* kid_avatar_empty@2x.png */,
				128981901E1DF68C00EDCA3F /* kid_avatar_bg@2x.png */,
				128981831E1DE9F200EDCA3F /* BlueDot.h */,
				128981841E1DE9F200EDCA3F /* BlueDot.m */,
				128981891E1DEA2400EDCA3F /* MyCalloutView.h */,
				1289818A1E1DEA2400EDCA3F /* MyCalloutView.m */,
				128981861E1DEA1600EDCA3F /* BlueDotAnnotation.h */,
				128981871E1DEA1600EDCA3F /* BlueDotAnnotation.m */,
			);
			name = BlueDot;
			sourceTree = "<group>";
		};
/* End PBXGroup section */

/* Begin PBXNativeTarget section */
		128981671E1DE9A000EDCA3F /* BlueDotDemo */ = {
			isa = PBXNativeTarget;
			buildConfigurationList = 1289817F1E1DE9A000EDCA3F /* Build configuration list for PBXNativeTarget "BlueDotDemo" */;
			buildPhases = (
				128981641E1DE9A000EDCA3F /* Sources */,
				128981651E1DE9A000EDCA3F /* Frameworks */,
				128981661E1DE9A000EDCA3F /* Resources */,
			);
			buildRules = (
			);
			dependencies = (
			);
			name = BlueDotDemo;
			productName = BlueDotDemo;
			productReference = 128981681E1DE9A000EDCA3F /* BlueDotDemo.app */;
			productType = "com.apple.product-type.application";
		};
/* End PBXNativeTarget section */

/* Begin PBXProject section */
		128981601E1DE9A000EDCA3F /* Project object */ = {
			isa = PBXProject;
			attributes = {
				LastUpgradeCheck = 0810;
				ORGANIZATIONNAME = qq;
				TargetAttributes = {
					128981671E1DE9A000EDCA3F = {
						CreatedOnToolsVersion = 8.1;
						ProvisioningStyle = Automatic;
					};
				};
			};
			buildConfigurationList = 128981631E1DE9A000EDCA3F /* Build configuration list for PBXProject "BlueDotDemo" */;
			compatibilityVersion = "Xcode 3.2";
			developmentRegion = English;
			hasScannedForEncodings = 0;
			knownRegions = (
				en,
				Base,
			);
			mainGroup = 1289815F1E1DE9A000EDCA3F;
			productRefGroup = 128981691E1DE9A000EDCA3F /* Products */;
			projectDirPath = "";
			projectRoot = "";
			targets = (
				128981671E1DE9A000EDCA3F /* BlueDotDemo */,
			);
		};
/* End PBXProject section */

/* Begin PBXResourcesBuildPhase section */
		128981661E1DE9A000EDCA3F /* Resources */ = {
			isa = PBXResourcesBuildPhase;
			buildActionMask = 2147483647;
			files = (
				128981931E1DF6CA00EDCA3F /* kid_avatar_empty@2x.png in Resources */,
				1289817B1E1DE9A000EDCA3F /* LaunchScreen.storyboard in Resources */,
				1289818F1E1DEFCC00EDCA3F /* blue_circle_transparent@2x.png in Resources */,
				128981781E1DE9A000EDCA3F /* Assets.xcassets in Resources */,
				128981911E1DF68C00EDCA3F /* kid_avatar_bg@2x.png in Resources */,
				128981761E1DE9A000EDCA3F /* Main.storyboard in Resources */,
				1289818D1E1DEF0300EDCA3F /* kid_avatar_2@2x.png in Resources */,
			);
			runOnlyForDeploymentPostprocessing = 0;
		};
/* End PBXResourcesBuildPhase section */

/* Begin PBXSourcesBuildPhase section */
		128981641E1DE9A000EDCA3F /* Sources */ = {
			isa = PBXSourcesBuildPhase;
			buildActionMask = 2147483647;
			files = (
				128981731E1DE9A000EDCA3F /* ViewController.m in Sources */,
				128981851E1DE9F200EDCA3F /* BlueDot.m in Sources */,
				128981881E1DEA1600EDCA3F /* BlueDotAnnotation.m in Sources */,
				128981701E1DE9A000EDCA3F /* AppDelegate.m in Sources */,
				1289818B1E1DEA2400EDCA3F /* MyCalloutView.m in Sources */,
				1289816D1E1DE9A000EDCA3F /* main.m in Sources */,
			);
			runOnlyForDeploymentPostprocessing = 0;
		};
/* End PBXSourcesBuildPhase section */

/* Begin PBXVariantGroup section */
		128981741E1DE9A000EDCA3F /* Main.storyboard */ = {
			isa = PBXVariantGroup;
			children = (
				128981751E1DE9A000EDCA3F /* Base */,
			);
			name = Main.storyboard;
			sourceTree = "<group>";
		};
		128981791E1DE9A000EDCA3F /* LaunchScreen.storyboard */ = {
			isa = PBXVariantGroup;
			children = (
				1289817A1E1DE9A000EDCA3F /* Base */,
			);
			name = LaunchScreen.storyboard;
			sourceTree = "<group>";
		};
/* End PBXVariantGroup section */

/* Begin XCBuildConfiguration section */
		1289817D1E1DE9A000EDCA3F /* Debug */ = {
			isa = XCBuildConfiguration;
			buildSettings = {
				ALWAYS_SEARCH_USER_PATHS = NO;
				CLANG_ANALYZER_NONNULL = YES;
				CLANG_CXX_LANGUAGE_STANDARD = "gnu++0x";
				CLANG_CXX_LIBRARY = "libc++";
				CLANG_ENABLE_MODULES = YES;
				CLANG_ENABLE_OBJC_ARC = YES;
				CLANG_WARN_BOOL_CONVERSION = YES;
				CLANG_WARN_CONSTANT_CONVERSION = YES;
				CLANG_WARN_DIRECT_OBJC_ISA_USAGE = YES_ERROR;
				CLANG_WARN_DOCUMENTATION_COMMENTS = YES;
				CLANG_WARN_EMPTY_BODY = YES;
				CLANG_WARN_ENUM_CONVERSION = YES;
				CLANG_WARN_INFINITE_RECURSION = YES;
				CLANG_WARN_INT_CONVERSION = YES;
				CLANG_WARN_OBJC_ROOT_CLASS = YES_ERROR;
				CLANG_WARN_SUSPICIOUS_MOVES = YES;
				CLANG_WARN_UNREACHABLE_CODE = YES;
				CLANG_WARN__DUPLICATE_METHOD_MATCH = YES;
				"CODE_SIGN_IDENTITY[sdk=iphoneos*]" = "iPhone Developer";
				COPY_PHASE_STRIP = NO;
				DEBUG_INFORMATION_FORMAT = dwarf;
				ENABLE_STRICT_OBJC_MSGSEND = YES;
				ENABLE_TESTABILITY = YES;
				GCC_C_LANGUAGE_STANDARD = gnu99;
				GCC_DYNAMIC_NO_PIC = NO;
				GCC_NO_COMMON_BLOCKS = YES;
				GCC_OPTIMIZATION_LEVEL = 0;
				GCC_PREPROCESSOR_DEFINITIONS = (
					"DEBUG=1",
					"$(inherited)",
				);
				GCC_WARN_64_TO_32_BIT_CONVERSION = YES;
				GCC_WARN_ABOUT_RETURN_TYPE = YES_ERROR;
				GCC_WARN_UNDECLARED_SELECTOR = YES;
				GCC_WARN_UNINITIALIZED_AUTOS = YES_AGGRESSIVE;
				GCC_WARN_UNUSED_FUNCTION = YES;
				GCC_WARN_UNUSED_VARIABLE = YES;
				IPHONEOS_DEPLOYMENT_TARGET = 10.1;
				MTL_ENABLE_DEBUG_INFO = YES;
				ONLY_ACTIVE_ARCH = YES;
				SDKROOT = iphoneos;
			};
			name = Debug;
		};
		1289817E1E1DE9A000EDCA3F /* Release */ = {
			isa = XCBuildConfiguration;
			buildSettings = {
				ALWAYS_SEARCH_USER_PATHS = NO;
				CLANG_ANALYZER_NONNULL = YES;
				CLANG_CXX_LANGUAGE_STANDARD = "gnu++0x";
				CLANG_CXX_LIBRARY = "libc++";
				CLANG_ENABLE_MODULES = YES;
				CLANG_ENABLE_OBJC_ARC = YES;
				CLANG_WARN_BOOL_CONVERSION = YES;
				CLANG_WARN_CONSTANT_CONVERSION = YES;
				CLANG_WARN_DIRECT_OBJC_ISA_USAGE = YES_ERROR;
				CLANG_WARN_DOCUMENTATION_COMMENTS = YES;
				CLANG_WARN_EMPTY_BODY = YES;
				CLANG_WARN_ENUM_CONVERSION = YES;
				CLANG_WARN_INFINITE_RECURSION = YES;
				CLANG_WARN_INT_CONVERSION = YES;
				CLANG_WARN_OBJC_ROOT_CLASS = YES_ERROR;
				CLANG_WARN_SUSPICIOUS_MOVES = YES;
				CLANG_WARN_UNREACHABLE_CODE = YES;
				CLANG_WARN__DUPLICATE_METHOD_MATCH = YES;
				"CODE_SIGN_IDENTITY[sdk=iphoneos*]" = "iPhone Developer";
				COPY_PHASE_STRIP = NO;
				DEBUG_INFORMATION_FORMAT = "dwarf-with-dsym";
				ENABLE_NS_ASSERTIONS = NO;
				ENABLE_STRICT_OBJC_MSGSEND = YES;
				GCC_C_LANGUAGE_STANDARD = gnu99;
				GCC_NO_COMMON_BLOCKS = YES;
				GCC_WARN_64_TO_32_BIT_CONVERSION = YES;
				GCC_WARN_ABOUT_RETURN_TYPE = YES_ERROR;
				GCC_WARN_UNDECLARED_SELECTOR = YES;
				GCC_WARN_UNINITIALIZED_AUTOS = YES_AGGRESSIVE;
				GCC_WARN_UNUSED_FUNCTION = YES;
				GCC_WARN_UNUSED_VARIABLE = YES;
				IPHONEOS_DEPLOYMENT_TARGET = 10.1;
				MTL_ENABLE_DEBUG_INFO = NO;
				SDKROOT = iphoneos;
				VALIDATE_PRODUCT = YES;
			};
			name = Release;
		};
		128981801E1DE9A000EDCA3F /* Debug */ = {
			isa = XCBuildConfiguration;
			buildSettings = {
				ASSETCATALOG_COMPILER_APPICON_NAME = AppIcon;
				INFOPLIST_FILE = BlueDotDemo/Info.plist;
				LD_RUNPATH_SEARCH_PATHS = "$(inherited) @executable_path/Frameworks";
				PRODUCT_BUNDLE_IDENTIFIER = mytest.BlueDotDemo;
				PRODUCT_NAME = "$(TARGET_NAME)";
			};
			name = Debug;
		};
		128981811E1DE9A000EDCA3F /* Release */ = {
			isa = XCBuildConfiguration;
			buildSettings = {
				ASSETCATALOG_COMPILER_APPICON_NAME = AppIcon;
				INFOPLIST_FILE = BlueDotDemo/Info.plist;
				LD_RUNPATH_SEARCH_PATHS = "$(inherited) @executable_path/Frameworks";
				PRODUCT_BUNDLE_IDENTIFIER = mytest.BlueDotDemo;
				PRODUCT_NAME = "$(TARGET_NAME)";
			};
			name = Release;
		};
/* End XCBuildConfiguration section */

/* Begin XCConfigurationList section */
		128981631E1DE9A000EDCA3F /* Build configuration list for PBXProject "BlueDotDemo" */ = {
			isa = XCConfigurationList;
			buildConfigurations = (
				1289817D1E1DE9A000EDCA3F /* Debug */,
				1289817E1E1DE9A000EDCA3F /* Release */,
			);
			defaultConfigurationIsVisible = 0;
			defaultConfigurationName = Release;
		};
		1289817F1E1DE9A000EDCA3F /* Build configuration list for PBXNativeTarget "BlueDotDemo" */ = {
			isa = XCConfigurationList;
			buildConfigurations = (
				128981801E1DE9A000EDCA3F /* Debug */,
				128981811E1DE9A000EDCA3F /* Release */,
			);
			defaultConfigurationIsVisible = 0;
			defaultConfigurationName = Release;
		};
/* End XCConfigurationList section */
	};
	rootObject = 128981601E1DE9A000EDCA3F /* Project object */;
}
